
Microsoft Visual Studio Solution File, Format Version 11.00
# Visual Studio 2010
Project("{FAE04EC0-301F-11D3-BF4B-00C04F79EFBC}") = "Assembly-CSharp", "Assembly-CSharp.csproj", "{815E0916-FE6F-FFF7-3D6E-58D6231197CC}"
EndProject
Global
	GlobalSection(SolutionConfigurationPlatforms) = preSolution
		Debug|Any CPU = Debug|Any CPU
		Release|Any CPU = Release|Any CPU
	EndGlobalSection
	GlobalSection(ProjectConfigurationPlatforms) = postSolution
		{815E0916-FE6F-FFF7-3D6E-58D6231197CC}.Debug|Any CPU.ActiveCfg = Debug|Any CPU
		{815E0916-FE6F-FFF7-3D6E-58D6231197CC}.Debug|Any CPU.Build.0 = Debug|Any CPU
		{815E0916-FE6F-FFF7-3D6E-58D6231197CC}.Release|Any CPU.ActiveCfg = Release|Any CPU
		{815E0916-FE6F-FFF7-3D6E-58D6231197CC}.Release|Any CPU.Build.0 = Release|Any CPU
	EndGlobalSection
	GlobalSection(SolutionProperties) = preSolution
		HideSolutionNode = FALSE
	EndGlobalSection
EndGlobal
